<Solution>
  <Folder Name="/docs/">
    <File Path="docs\architecture.md" />
    <File Path="docs\concurrency.md" />
    <File Path="docs\configuration.md" />
    <File Path="docs\diagnostics.md" />
    <File Path="docs\index.md" />
    <File Path="docs\indexes.md" />
    <File Path="docs\limitations.md" />
    <File Path="docs\operators.md" />
    <File Path="docs\owned-types.md" />
    <File Path="docs\pagination.md" />
    <File Path="docs\projections.md" />
  </Folder>
  <Folder Name="/docs/images/">
    <File Path="docs\images\icon.png" />
  </Folder>
  <Folder Name="/examples/">
    <File Path="examples\Directory.Build.props" />
    <Project Path="examples/Example.Simple/Example.Simple.csproj" />
  </Folder>
  <Folder Name="/Solution Items/">
    <File Path="CLAUDE.md" />
    <File Path="Directory.Build.props" />
    <File Path="Directory.Packages.props" />
    <File Path="EntityFrameworkCore.DynamoDb.sln.DotSettings" />
    <File Path="global.json" />
    <File Path="README.md" />
  </Folder>
  <Folder Name="/src/">
    <File Path="src\Directory.Build.props" />
    <Project Path="src\EntityFrameworkCore.DynamoDb\EntityFrameworkCore.DynamoDb.csproj" />
  </Folder>
  <Folder Name="/tests/">
    <File Path="tests\Directory.Build.props" />
    <Project Path="tests\EntityFrameworkCore.DynamoDb.IntegrationTests\EntityFrameworkCore.DynamoDb.IntegrationTests.csproj" />
    <Project Path="tests\EntityFrameworkCore.DynamoDb.Tests\EntityFrameworkCore.DynamoDb.Tests.csproj" />
  </Folder>
</Solution>
