<Solution>
  <Configurations>
    <BuildType Name="Debug EF10" />
    <BuildType Name="Release EF10" />
    <BuildType Name="Debug EF11" />
    <BuildType Name="Release EF11" />
    <Platform Name="Any CPU" />
  </Configurations>
  <Folder Name="/.github/">
    <File Path=".github/workflows/pr-build.yaml" />
    <File Path=".github/workflows/pr-title-check.yaml" />
    <File Path=".github/workflows/publish-preview.yaml" />
    <File Path=".github/workflows/publish-release.yaml" />
    <File Path=".github/workflows/release-drafter.yaml" />
  </Folder>
  <Folder Name="/examples/">
    <File Path="examples\Directory.Build.props" />
    <Project Path="examples/Example.Simple/Example.Simple.csproj">
      <Configurations>
        <ProjectConfiguration Solution="Debug EF10|Any CPU"   Project="Debug EF10|Any CPU" />
        <ProjectConfiguration Solution="Release EF10|Any CPU" Project="Release EF10|Any CPU" />
        <ProjectConfiguration Solution="Debug EF11|Any CPU"   Project="Debug EF11|Any CPU" />
        <ProjectConfiguration Solution="Release EF11|Any CPU" Project="Release EF11|Any CPU" />
      </Configurations>
    </Project>
  </Folder>
  <Folder Name="/Solution Items/">
    <File Path="CLAUDE.md" />
    <File Path="Directory.Build.props" />
    <File Path="Directory.Packages.props" />
<File Path="EntityFrameworkCore.DynamoDb.sln.DotSettings" />
    <File Path="global.json" />
    <File Path="README.md" />
    <File Path="Taskfile.yml"/>
  </Folder>
  <Folder Name="/src/">
    <File Path="src\Directory.Build.props" />
    <Project Path="src\EntityFrameworkCore.DynamoDb\EntityFrameworkCore.DynamoDb.csproj">
      <Configurations>
        <ProjectConfiguration Solution="Debug EF10|Any CPU"   Project="Debug EF10|Any CPU" />
        <ProjectConfiguration Solution="Release EF10|Any CPU" Project="Release EF10|Any CPU" />
        <ProjectConfiguration Solution="Debug EF11|Any CPU"   Project="Debug EF11|Any CPU" />
        <ProjectConfiguration Solution="Release EF11|Any CPU" Project="Release EF11|Any CPU" />
      </Configurations>
    </Project>
  </Folder>
  <Folder Name="/tests/">
    <File Path="tests\Directory.Build.props" />
    <Project Path="tests\EntityFrameworkCore.DynamoDb.IntegrationTests\EntityFrameworkCore.DynamoDb.IntegrationTests.csproj">
      <Configurations>
        <ProjectConfiguration Solution="Debug EF10|Any CPU"   Project="Debug EF10|Any CPU" />
        <ProjectConfiguration Solution="Release EF10|Any CPU" Project="Release EF10|Any CPU" />
        <ProjectConfiguration Solution="Debug EF11|Any CPU"   Project="Debug EF11|Any CPU" />
        <ProjectConfiguration Solution="Release EF11|Any CPU" Project="Release EF11|Any CPU" />
      </Configurations>
    </Project>
    <Project Path="tests\EntityFrameworkCore.DynamoDb.SpecificationTests\EntityFrameworkCore.DynamoDb.SpecificationTests.csproj">
      <Configurations>
        <ProjectConfiguration Solution="Debug EF10|Any CPU"   Project="Debug EF10|Any CPU" />
        <ProjectConfiguration Solution="Release EF10|Any CPU" Project="Release EF10|Any CPU" />
        <ProjectConfiguration Solution="Debug EF11|Any CPU"   Project="Debug EF11|Any CPU" />
        <ProjectConfiguration Solution="Release EF11|Any CPU" Project="Release EF11|Any CPU" />
      </Configurations>
    </Project>
    <Project Path="tests\EntityFrameworkCore.DynamoDb.Tests\EntityFrameworkCore.DynamoDb.Tests.csproj">
      <Configurations>
        <ProjectConfiguration Solution="Debug EF10|Any CPU"   Project="Debug EF10|Any CPU" />
        <ProjectConfiguration Solution="Release EF10|Any CPU" Project="Release EF10|Any CPU" />
        <ProjectConfiguration Solution="Debug EF11|Any CPU"   Project="Debug EF11|Any CPU" />
        <ProjectConfiguration Solution="Release EF11|Any CPU" Project="Release EF11|Any CPU" />
      </Configurations>
    </Project>
  </Folder>
</Solution>
