<Solution>
  <Folder Name="/examples/">
    <Project Path="examples/Example.Simple/Example.Simple.csproj" />
  </Folder>
  <Folder Name="/Solution Items/" />
  <Folder Name="/src/">
    <Project Path="src/LayeredCraft.EntityFrameworkCore.DynamoDb/LayeredCraft.EntityFrameworkCore.DynamoDb.csproj" />
  </Folder>
  <Folder Name="/tests/" />
</Solution>
